github.com/phpdave11/gofpdi v1.0.14-0.20211212211723-1f10f9844311 h1:zyWXQ6vu27ETMpYsEMAsisQ+GqJ4e1TPvSNfdOPF0no=
github.com/phpdave11/gofpdi v1.0.14-0.20211212211723-1f10f9844311/go.mod h1:vBmVV0Do6hSBHC8uKUQ71JGW+ZGQq74llk/7bXwjDoI=
github.com/pkg/errors v0.8.1 h1:iURUrRGxPUNPdy5/HRSm+Yj6okJ6UtLINN0Q9M4+h3I=
github.com/pkg/errors v0.8.1/go.mod h1:bwawxfHBFNV+L2hUp1rHADufV3IMtnDRdf1r5NINEl0=
go.mozilla.org/pkcs7 v0.9.0 h1:yM4/HS9dYv7ri2biPtxt8ikvB37a980dg69/pKmS+eI=
go.mozilla.org/pkcs7 v0.9.0/go.mod h1:SNgMg+EgDFwmvSmLRTNKC5fegJjB7v23qTQ0XLGUNHk=
